// !$*UTF8*$!
{
	archiveVersion = 1;
	classes = {
	};
	objectVersion = 46;
	objects = {

/* Begin PBXBuildFile section */
		20A64EC31ADFABCB00689C77 /* AppDelegate.swift in Sources */ = {isa = PBXBuildFile; fileRef = 20A64EC21ADFABCB00689C77 /* AppDelegate.swift */; };
		20A64EC81ADFABCB00689C77 /* Main.storyboard in Resources */ = {isa = PBXBuildFile; fileRef = 20A64EC61ADFABCB00689C77 /* Main.storyboard */; };
		20A64ECA1ADFABCB00689C77 /* Images.xcassets in Resources */ = {isa = PBXBuildFile; fileRef = 20A64EC91ADFABCB00689C77 /* Images.xcassets */; };
		20A64ECD1ADFABCB00689C77 /* LaunchScreen.xib in Resources */ = {isa = PBXBuildFile; fileRef = 20A64ECB1ADFABCB00689C77 /* LaunchScreen.xib */; };
		20A64ED91ADFABCB00689C77 /* Josh_BruceTests.swift in Sources */ = {isa = PBXBuildFile; fileRef = 20A64ED81ADFABCB00689C77 /* Josh_BruceTests.swift */; };
		20A64EE91ADFB30A00689C77 /* Constant.swift in Sources */ = {isa = PBXBuildFile; fileRef = 20A64EE81ADFB30A00689C77 /* Constant.swift */; };
		20A64EEB1ADFB87400689C77 /* BaseViewController.swift in Sources */ = {isa = PBXBuildFile; fileRef = 20A64EEA1ADFB87400689C77 /* BaseViewController.swift */; };
		20A64EF01ADFC25D00689C77 /* CircleButton.swift in Sources */ = {isa = PBXBuildFile; fileRef = 20A64EEF1ADFC25D00689C77 /* CircleButton.swift */; };
		20A64EF21ADFC48A00689C77 /* Color.swift in Sources */ = {isa = PBXBuildFile; fileRef = 20A64EF11ADFC48A00689C77 /* Color.swift */; };
		20A64EF41ADFCFCD00689C77 /* CircleImage.swift in Sources */ = {isa = PBXBuildFile; fileRef = 20A64EF31ADFCFCD00689C77 /* CircleImage.swift */; };
		20A64EF71ADFFA1F00689C77 /* TimelineTableViewCell.swift in Sources */ = {isa = PBXBuildFile; fileRef = 20A64EF61ADFFA1F00689C77 /* TimelineTableViewCell.swift */; };
		20A64EFB1ADFFBD000689C77 /* TimelineTableViewController.swift in Sources */ = {isa = PBXBuildFile; fileRef = 20A64EFA1ADFFBD000689C77 /* TimelineTableViewController.swift */; };
		20A64EFE1ADFFDD400689C77 /* RoundedRect.swift in Sources */ = {isa = PBXBuildFile; fileRef = 20A64EFD1ADFFDD400689C77 /* RoundedRect.swift */; };
		20A64F001AE00DCB00689C77 /* WWDCCategory.swift in Sources */ = {isa = PBXBuildFile; fileRef = 20A64EFF1AE00DCB00689C77 /* WWDCCategory.swift */; };
		20A64F021AE010A100689C77 /* Project.swift in Sources */ = {isa = PBXBuildFile; fileRef = 20A64F011AE010A100689C77 /* Project.swift */; };
		20A64F041AE0257400689C77 /* Education.swift in Sources */ = {isa = PBXBuildFile; fileRef = 20A64F031AE0257400689C77 /* Education.swift */; };
		20A64F061AE026B600689C77 /* Work.swift in Sources */ = {isa = PBXBuildFile; fileRef = 20A64F051AE026B600689C77 /* Work.swift */; };
		20A64F0A1AE026E200689C77 /* TechnicalSkill.swift in Sources */ = {isa = PBXBuildFile; fileRef = 20A64F091AE026E200689C77 /* TechnicalSkill.swift */; };
		20A64F0C1AE026FC00689C77 /* Interest.swift in Sources */ = {isa = PBXBuildFile; fileRef = 20A64F0B1AE026FC00689C77 /* Interest.swift */; };
/* End PBXBuildFile section */

/* Begin PBXContainerItemProxy section */
		20A64ED31ADFABCB00689C77 /* PBXContainerItemProxy */ = {
			isa = PBXContainerItemProxy;
			containerPortal = 20A64EB51ADFABCA00689C77 /* Project object */;
			proxyType = 1;
			remoteGlobalIDString = 20A64EBC1ADFABCA00689C77;
			remoteInfo = "Josh Bruce";
		};
/* End PBXContainerItemProxy section */

/* Begin PBXFileReference section */
		20A64EBD1ADFABCA00689C77 /* Josh Bruce.app */ = {isa = PBXFileReference; explicitFileType = wrapper.application; includeInIndex = 0; path = "Josh Bruce.app"; sourceTree = BUILT_PRODUCTS_DIR; };
		20A64EC11ADFABCB00689C77 /* Info.plist */ = {isa = PBXFileReference; lastKnownFileType = text.plist.xml; path = Info.plist; sourceTree = "<group>"; };
		20A64EC21ADFABCB00689C77 /* AppDelegate.swift */ = {isa = PBXFileReference; lastKnownFileType = sourcecode.swift; path = AppDelegate.swift; sourceTree = "<group>"; };
		20A64EC71ADFABCB00689C77 /* Base */ = {isa = PBXFileReference; lastKnownFileType = file.storyboard; name = Base; path = Base.lproj/Main.storyboard; sourceTree = "<group>"; };
		20A64EC91ADFABCB00689C77 /* Images.xcassets */ = {isa = PBXFileReference; lastKnownFileType = folder.assetcatalog; name = Images.xcassets; path = ../Images.xcassets; sourceTree = "<group>"; };
		20A64ECC1ADFABCB00689C77 /* Base */ = {isa = PBXFileReference; lastKnownFileType = file.xib; name = Base; path = Base.lproj/LaunchScreen.xib; sourceTree = "<group>"; };
		20A64ED21ADFABCB00689C77 /* Josh BruceTests.xctest */ = {isa = PBXFileReference; explicitFileType = wrapper.cfbundle; includeInIndex = 0; path = "Josh BruceTests.xctest"; sourceTree = BUILT_PRODUCTS_DIR; };
		20A64ED71ADFABCB00689C77 /* Info.plist */ = {isa = PBXFileReference; lastKnownFileType = text.plist.xml; path = Info.plist; sourceTree = "<group>"; };
		20A64ED81ADFABCB00689C77 /* Josh_BruceTests.swift */ = {isa = PBXFileReference; lastKnownFileType = sourcecode.swift; path = Josh_BruceTests.swift; sourceTree = "<group>"; };
		20A64EE81ADFB30A00689C77 /* Constant.swift */ = {isa = PBXFileReference; fileEncoding = 4; lastKnownFileType = sourcecode.swift; path = Constant.swift; sourceTree = "<group>"; };
		20A64EEA1ADFB87400689C77 /* BaseViewController.swift */ = {isa = PBXFileReference; fileEncoding = 4; lastKnownFileType = sourcecode.swift; path = BaseViewController.swift; sourceTree = "<group>"; };
		20A64EEF1ADFC25D00689C77 /* CircleButton.swift */ = {isa = PBXFileReference; fileEncoding = 4; lastKnownFileType = sourcecode.swift; path = CircleButton.swift; sourceTree = "<group>"; };
		20A64EF11ADFC48A00689C77 /* Color.swift */ = {isa = PBXFileReference; fileEncoding = 4; lastKnownFileType = sourcecode.swift; path = Color.swift; sourceTree = "<group>"; };
		20A64EF31ADFCFCD00689C77 /* CircleImage.swift */ = {isa = PBXFileReference; fileEncoding = 4; lastKnownFileType = sourcecode.swift; path = CircleImage.swift; sourceTree = "<group>"; };
		20A64EF61ADFFA1F00689C77 /* TimelineTableViewCell.swift */ = {isa = PBXFileReference; fileEncoding = 4; lastKnownFileType = sourcecode.swift; path = TimelineTableViewCell.swift; sourceTree = "<group>"; };
		20A64EFA1ADFFBD000689C77 /* TimelineTableViewController.swift */ = {isa = PBXFileReference; fileEncoding = 4; lastKnownFileType = sourcecode.swift; path = TimelineTableViewController.swift; sourceTree = "<group>"; };
		20A64EFD1ADFFDD400689C77 /* RoundedRect.swift */ = {isa = PBXFileReference; fileEncoding = 4; lastKnownFileType = sourcecode.swift; path = RoundedRect.swift; sourceTree = "<group>"; };
		20A64EFF1AE00DCB00689C77 /* WWDCCategory.swift */ = {isa = PBXFileReference; fileEncoding = 4; lastKnownFileType = sourcecode.swift; path = WWDCCategory.swift; sourceTree = "<group>"; };
		20A64F011AE010A100689C77 /* Project.swift */ = {isa = PBXFileReference; fileEncoding = 4; lastKnownFileType = sourcecode.swift; path = Project.swift; sourceTree = "<group>"; };
		20A64F031AE0257400689C77 /* Education.swift */ = {isa = PBXFileReference; fileEncoding = 4; lastKnownFileType = sourcecode.swift; path = Education.swift; sourceTree = "<group>"; };
		20A64F051AE026B600689C77 /* Work.swift */ = {isa = PBXFileReference; fileEncoding = 4; lastKnownFileType = sourcecode.swift; path = Work.swift; sourceTree = "<group>"; };
		20A64F091AE026E200689C77 /* TechnicalSkill.swift */ = {isa = PBXFileReference; fileEncoding = 4; lastKnownFileType = sourcecode.swift; path = TechnicalSkill.swift; sourceTree = "<group>"; };
		20A64F0B1AE026FC00689C77 /* Interest.swift */ = {isa = PBXFileReference; fileEncoding = 4; lastKnownFileType = sourcecode.swift; path = Interest.swift; sourceTree = "<group>"; };
/* End PBXFileReference section */

/* Begin PBXFrameworksBuildPhase section */
		20A64EBA1ADFABCA00689C77 /* Frameworks */ = {
			isa = PBXFrameworksBuildPhase;
			buildActionMask = 2147483647;
			files = (
			);
			runOnlyForDeploymentPostprocessing = 0;
		};
		20A64ECF1ADFABCB00689C77 /* Frameworks */ = {
			isa = PBXFrameworksBuildPhase;
			buildActionMask = 2147483647;
			files = (
			);
			runOnlyForDeploymentPostprocessing = 0;
		};
/* End PBXFrameworksBuildPhase section */

/* Begin PBXGroup section */
		20A64EB41ADFABCA00689C77 = {
			isa = PBXGroup;
			children = (
				20A64EBF1ADFABCA00689C77 /* Josh Bruce */,
				20A64ED51ADFABCB00689C77 /* Josh BruceTests */,
				20A64EBE1ADFABCA00689C77 /* Products */,
			);
			sourceTree = "<group>";
		};
		20A64EBE1ADFABCA00689C77 /* Products */ = {
			isa = PBXGroup;
			children = (
				20A64EBD1ADFABCA00689C77 /* Josh Bruce.app */,
				20A64ED21ADFABCB00689C77 /* Josh BruceTests.xctest */,
			);
			name = Products;
			sourceTree = "<group>";
		};
		20A64EBF1ADFABCA00689C77 /* Josh Bruce */ = {
			isa = PBXGroup;
			children = (
				20A64EE71ADFAC6400689C77 /* Animation */,
				20A64EE41ADFAC4700689C77 /* Controller */,
				20A64EE61ADFAC5B00689C77 /* Extension */,
				20A64EE51ADFAC5100689C77 /* Helper */,
				20A64EE21ADFAC2F00689C77 /* Model */,
				20A64EE31ADFAC3D00689C77 /* View */,
				20A64EC01ADFABCB00689C77 /* Supporting Files */,
			);
			path = "Josh Bruce";
			sourceTree = "<group>";
		};
		20A64EC01ADFABCB00689C77 /* Supporting Files */ = {
			isa = PBXGroup;
			children = (
				20A64EC21ADFABCB00689C77 /* AppDelegate.swift */,
				20A64EC11ADFABCB00689C77 /* Info.plist */,
			);
			name = "Supporting Files";
			sourceTree = "<group>";
		};
		20A64ED51ADFABCB00689C77 /* Josh BruceTests */ = {
			isa = PBXGroup;
			children = (
				20A64ED81ADFABCB00689C77 /* Josh_BruceTests.swift */,
				20A64ED61ADFABCB00689C77 /* Supporting Files */,
			);
			path = "Josh BruceTests";
			sourceTree = "<group>";
		};
		20A64ED61ADFABCB00689C77 /* Supporting Files */ = {
			isa = PBXGroup;
			children = (
				20A64ED71ADFABCB00689C77 /* Info.plist */,
			);
			name = "Supporting Files";
			sourceTree = "<group>";
		};
		20A64EE21ADFAC2F00689C77 /* Model */ = {
			isa = PBXGroup;
			children = (
				20A64EFF1AE00DCB00689C77 /* WWDCCategory.swift */,
				20A64F011AE010A100689C77 /* Project.swift */,
				20A64F031AE0257400689C77 /* Education.swift */,
				20A64F051AE026B600689C77 /* Work.swift */,
				20A64F091AE026E200689C77 /* TechnicalSkill.swift */,
				20A64F0B1AE026FC00689C77 /* Interest.swift */,
			);
			path = Model;
			sourceTree = "<group>";
		};
		20A64EE31ADFAC3D00689C77 /* View */ = {
			isa = PBXGroup;
			children = (
				20A64EEC1ADFBB0400689C77 /* Circle */,
				20A64EFC1ADFFD9C00689C77 /* Rect */,
				20A64EF51ADFF9F400689C77 /* Timeline */,
				20A64EC61ADFABCB00689C77 /* Main.storyboard */,
				20A64EC91ADFABCB00689C77 /* Images.xcassets */,
				20A64ECB1ADFABCB00689C77 /* LaunchScreen.xib */,
			);
			path = View;
			sourceTree = "<group>";
		};
		20A64EE41ADFAC4700689C77 /* Controller */ = {
			isa = PBXGroup;
			children = (
				20A64EEA1ADFB87400689C77 /* BaseViewController.swift */,
				20A64EFA1ADFFBD000689C77 /* TimelineTableViewController.swift */,
			);
			path = Controller;
			sourceTree = "<group>";
		};
		20A64EE51ADFAC5100689C77 /* Helper */ = {
			isa = PBXGroup;
			children = (
				20A64EE81ADFB30A00689C77 /* Constant.swift */,
			);
			path = Helper;
			sourceTree = "<group>";
		};
		20A64EE61ADFAC5B00689C77 /* Extension */ = {
			isa = PBXGroup;
			children = (
				20A64EF11ADFC48A00689C77 /* Color.swift */,
			);
			path = Extension;
			sourceTree = "<group>";
		};
		20A64EE71ADFAC6400689C77 /* Animation */ = {
			isa = PBXGroup;
			children = (
			);
			path = Animation;
			sourceTree = "<group>";
		};
		20A64EEC1ADFBB0400689C77 /* Circle */ = {
			isa = PBXGroup;
			children = (
				20A64EEF1ADFC25D00689C77 /* CircleButton.swift */,
				20A64EF31ADFCFCD00689C77 /* CircleImage.swift */,
			);
			path = Circle;
			sourceTree = "<group>";
		};
		20A64EF51ADFF9F400689C77 /* Timeline */ = {
			isa = PBXGroup;
			children = (
				20A64EF61ADFFA1F00689C77 /* TimelineTableViewCell.swift */,
			);
			path = Timeline;
			sourceTree = "<group>";
		};
		20A64EFC1ADFFD9C00689C77 /* Rect */ = {
			isa = PBXGroup;
			children = (
				20A64EFD1ADFFDD400689C77 /* RoundedRect.swift */,
			);
			path = Rect;
			sourceTree = "<group>";
		};
/* End PBXGroup section */

/* Begin PBXNativeTarget section */
		20A64EBC1ADFABCA00689C77 /* Josh Bruce */ = {
			isa = PBXNativeTarget;
			buildConfigurationList = 20A64EDC1ADFABCB00689C77 /* Build configuration list for PBXNativeTarget "Josh Bruce" */;
			buildPhases = (
				20A64EB91ADFABCA00689C77 /* Sources */,
				20A64EBA1ADFABCA00689C77 /* Frameworks */,
				20A64EBB1ADFABCA00689C77 /* Resources */,
			);
			buildRules = (
			);
			dependencies = (
			);
			name = "Josh Bruce";
			productName = "Josh Bruce";
			productReference = 20A64EBD1ADFABCA00689C77 /* Josh Bruce.app */;
			productType = "com.apple.product-type.application";
		};
		20A64ED11ADFABCB00689C77 /* Josh BruceTests */ = {
			isa = PBXNativeTarget;
			buildConfigurationList = 20A64EDF1ADFABCB00689C77 /* Build configuration list for PBXNativeTarget "Josh BruceTests" */;
			buildPhases = (
				20A64ECE1ADFABCB00689C77 /* Sources */,
				20A64ECF1ADFABCB00689C77 /* Frameworks */,
				20A64ED01ADFABCB00689C77 /* Resources */,
			);
			buildRules = (
			);
			dependencies = (
				20A64ED41ADFABCB00689C77 /* PBXTargetDependency */,
			);
			name = "Josh BruceTests";
			productName = "Josh BruceTests";
			productReference = 20A64ED21ADFABCB00689C77 /* Josh BruceTests.xctest */;
			productType = "com.apple.product-type.bundle.unit-test";
		};
/* End PBXNativeTarget section */

/* Begin PBXProject section */
		20A64EB51ADFABCA00689C77 /* Project object */ = {
			isa = PBXProject;
			attributes = {
				LastUpgradeCheck = 0630;
				ORGANIZATIONNAME = "Josh Bruce";
				TargetAttributes = {
					20A64EBC1ADFABCA00689C77 = {
						CreatedOnToolsVersion = 6.3;
						DevelopmentTeam = D4QBQF6Z9N;
					};
					20A64ED11ADFABCB00689C77 = {
						CreatedOnToolsVersion = 6.3;
						TestTargetID = 20A64EBC1ADFABCA00689C77;
					};
				};
			};
			buildConfigurationList = 20A64EB81ADFABCA00689C77 /* Build configuration list for PBXProject "Josh Bruce" */;
			compatibilityVersion = "Xcode 3.2";
			developmentRegion = English;
			hasScannedForEncodings = 0;
			knownRegions = (
				en,
				Base,
			);
			mainGroup = 20A64EB41ADFABCA00689C77;
			productRefGroup = 20A64EBE1ADFABCA00689C77 /* Products */;
			projectDirPath = "";
			projectRoot = "";
			targets = (
				20A64EBC1ADFABCA00689C77 /* Josh Bruce */,
				20A64ED11ADFABCB00689C77 /* Josh BruceTests */,
			);
		};
/* End PBXProject section */

/* Begin PBXResourcesBuildPhase section */
		20A64EBB1ADFABCA00689C77 /* Resources */ = {
			isa = PBXResourcesBuildPhase;
			buildActionMask = 2147483647;
			files = (
				20A64EC81ADFABCB00689C77 /* Main.storyboard in Resources */,
				20A64ECD1ADFABCB00689C77 /* LaunchScreen.xib in Resources */,
				20A64ECA1ADFABCB00689C77 /* Images.xcassets in Resources */,
			);
			runOnlyForDeploymentPostprocessing = 0;
		};
		20A64ED01ADFABCB00689C77 /* Resources */ = {
			isa = PBXResourcesBuildPhase;
			buildActionMask = 2147483647;
			files = (
			);
			runOnlyForDeploymentPostprocessing = 0;
		};
/* End PBXResourcesBuildPhase section */

/* Begin PBXSourcesBuildPhase section */
		20A64EB91ADFABCA00689C77 /* Sources */ = {
			isa = PBXSourcesBuildPhase;
			buildActionMask = 2147483647;
			files = (
				20A64F001AE00DCB00689C77 /* WWDCCategory.swift in Sources */,
				20A64EF71ADFFA1F00689C77 /* TimelineTableViewCell.swift in Sources */,
				20A64F061AE026B600689C77 /* Work.swift in Sources */,
				20A64F041AE0257400689C77 /* Education.swift in Sources */,
				20A64EF01ADFC25D00689C77 /* CircleButton.swift in Sources */,
				20A64EFE1ADFFDD400689C77 /* RoundedRect.swift in Sources */,
				20A64EC31ADFABCB00689C77 /* AppDelegate.swift in Sources */,
				20A64EE91ADFB30A00689C77 /* Constant.swift in Sources */,
				20A64EEB1ADFB87400689C77 /* BaseViewController.swift in Sources */,
				20A64F0C1AE026FC00689C77 /* Interest.swift in Sources */,
				20A64F021AE010A100689C77 /* Project.swift in Sources */,
				20A64EF21ADFC48A00689C77 /* Color.swift in Sources */,
				20A64EFB1ADFFBD000689C77 /* TimelineTableViewController.swift in Sources */,
				20A64EF41ADFCFCD00689C77 /* CircleImage.swift in Sources */,
				20A64F0A1AE026E200689C77 /* TechnicalSkill.swift in Sources */,
			);
			runOnlyForDeploymentPostprocessing = 0;
		};
		20A64ECE1ADFABCB00689C77 /* Sources */ = {
			isa = PBXSourcesBuildPhase;
			buildActionMask = 2147483647;
			files = (
				20A64ED91ADFABCB00689C77 /* Josh_BruceTests.swift in Sources */,
			);
			runOnlyForDeploymentPostprocessing = 0;
		};
/* End PBXSourcesBuildPhase section */

/* Begin PBXTargetDependency section */
		20A64ED41ADFABCB00689C77 /* PBXTargetDependency */ = {
			isa = PBXTargetDependency;
			target = 20A64EBC1ADFABCA00689C77 /* Josh Bruce */;
			targetProxy = 20A64ED31ADFABCB00689C77 /* PBXContainerItemProxy */;
		};
/* End PBXTargetDependency section */

/* Begin PBXVariantGroup section */
		20A64EC61ADFABCB00689C77 /* Main.storyboard */ = {
			isa = PBXVariantGroup;
			children = (
				20A64EC71ADFABCB00689C77 /* Base */,
			);
			name = Main.storyboard;
			path = ..;
			sourceTree = "<group>";
		};
		20A64ECB1ADFABCB00689C77 /* LaunchScreen.xib */ = {
			isa = PBXVariantGroup;
			children = (
				20A64ECC1ADFABCB00689C77 /* Base */,
			);
			name = LaunchScreen.xib;
			path = ..;
			sourceTree = "<group>";
		};
/* End PBXVariantGroup section */

/* Begin XCBuildConfiguration section */
		20A64EDA1ADFABCB00689C77 /* Debug */ = {
			isa = XCBuildConfiguration;
			buildSettings = {
				ALWAYS_SEARCH_USER_PATHS = NO;
				CLANG_CXX_LANGUAGE_STANDARD = "gnu++0x";
				CLANG_CXX_LIBRARY = "libc++";
				CLANG_ENABLE_MODULES = YES;
				CLANG_ENABLE_OBJC_ARC = YES;
				CLANG_WARN_BOOL_CONVERSION = YES;
				CLANG_WARN_CONSTANT_CONVERSION = YES;
				CLANG_WARN_DIRECT_OBJC_ISA_USAGE = YES_ERROR;
				CLANG_WARN_EMPTY_BODY = YES;
				CLANG_WARN_ENUM_CONVERSION = YES;
				CLANG_WARN_INT_CONVERSION = YES;
				CLANG_WARN_OBJC_ROOT_CLASS = YES_ERROR;
				CLANG_WARN_UNREACHABLE_CODE = YES;
				CLANG_WARN__DUPLICATE_METHOD_MATCH = YES;
				"CODE_SIGN_IDENTITY[sdk=iphoneos*]" = "iPhone Developer";
				COPY_PHASE_STRIP = NO;
				DEBUG_INFORMATION_FORMAT = "dwarf-with-dsym";
				ENABLE_STRICT_OBJC_MSGSEND = YES;
				GCC_C_LANGUAGE_STANDARD = gnu99;
				GCC_DYNAMIC_NO_PIC = NO;
				GCC_NO_COMMON_BLOCKS = YES;
				GCC_OPTIMIZATION_LEVEL = 0;
				GCC_PREPROCESSOR_DEFINITIONS = (
					"DEBUG=1",
					"$(inherited)",
				);
				GCC_SYMBOLS_PRIVATE_EXTERN = NO;
				GCC_WARN_64_TO_32_BIT_CONVERSION = YES;
				GCC_WARN_ABOUT_RETURN_TYPE = YES_ERROR;
				GCC_WARN_UNDECLARED_SELECTOR = YES;
				GCC_WARN_UNINITIALIZED_AUTOS = YES_AGGRESSIVE;
				GCC_WARN_UNUSED_FUNCTION = YES;
				GCC_WARN_UNUSED_VARIABLE = YES;
				IPHONEOS_DEPLOYMENT_TARGET = 8.3;
				MTL_ENABLE_DEBUG_INFO = YES;
				ONLY_ACTIVE_ARCH = YES;
				SDKROOT = iphoneos;
				SWIFT_OPTIMIZATION_LEVEL = "-Onone";
			};
			name = Debug;
		};
		20A64EDB1ADFABCB00689C77 /* Release */ = {
			isa = XCBuildConfiguration;
			buildSettings = {
				ALWAYS_SEARCH_USER_PATHS = NO;
				CLANG_CXX_LANGUAGE_STANDARD = "gnu++0x";
				CLANG_CXX_LIBRARY = "libc++";
				CLANG_ENABLE_MODULES = YES;
				CLANG_ENABLE_OBJC_ARC = YES;
				CLANG_WARN_BOOL_CONVERSION = YES;
				CLANG_WARN_CONSTANT_CONVERSION = YES;
				CLANG_WARN_DIRECT_OBJC_ISA_USAGE = YES_ERROR;
				CLANG_WARN_EMPTY_BODY = YES;
				CLANG_WARN_ENUM_CONVERSION = YES;
				CLANG_WARN_INT_CONVERSION = YES;
				CLANG_WARN_OBJC_ROOT_CLASS = YES_ERROR;
				CLANG_WARN_UNREACHABLE_CODE = YES;
				CLANG_WARN__DUPLICATE_METHOD_MATCH = YES;
				"CODE_SIGN_IDENTITY[sdk=iphoneos*]" = "iPhone Developer";
				COPY_PHASE_STRIP = NO;
				DEBUG_INFORMATION_FORMAT = "dwarf-with-dsym";
				ENABLE_NS_ASSERTIONS = NO;
				ENABLE_STRICT_OBJC_MSGSEND = YES;
				GCC_C_LANGUAGE_STANDARD = gnu99;
				GCC_NO_COMMON_BLOCKS = YES;
				GCC_WARN_64_TO_32_BIT_CONVERSION = YES;
				GCC_WARN_ABOUT_RETURN_TYPE = YES_ERROR;
				GCC_WARN_UNDECLARED_SELECTOR = YES;
				GCC_WARN_UNINITIALIZED_AUTOS = YES_AGGRESSIVE;
				GCC_WARN_UNUSED_FUNCTION = YES;
				GCC_WARN_UNUSED_VARIABLE = YES;
				IPHONEOS_DEPLOYMENT_TARGET = 8.3;
				MTL_ENABLE_DEBUG_INFO = NO;
				SDKROOT = iphoneos;
				VALIDATE_PRODUCT = YES;
			};
			name = Release;
		};
		20A64EDD1ADFABCB00689C77 /* Debug */ = {
			isa = XCBuildConfiguration;
			buildSettings = {
				ASSETCATALOG_COMPILER_APPICON_NAME = AppIcon;
				CODE_SIGN_IDENTITY = "iPhone Developer";
				INFOPLIST_FILE = "Josh Bruce/Info.plist";
				LD_RUNPATH_SEARCH_PATHS = "$(inherited) @executable_path/Frameworks";
				PRODUCT_NAME = "$(TARGET_NAME)";
			};
			name = Debug;
		};
		20A64EDE1ADFABCB00689C77 /* Release */ = {
			isa = XCBuildConfiguration;
			buildSettings = {
				ASSETCATALOG_COMPILER_APPICON_NAME = AppIcon;
				CODE_SIGN_IDENTITY = "iPhone Developer";
				INFOPLIST_FILE = "Josh Bruce/Info.plist";
				LD_RUNPATH_SEARCH_PATHS = "$(inherited) @executable_path/Frameworks";
				PRODUCT_NAME = "$(TARGET_NAME)";
			};
			name = Release;
		};
		20A64EE01ADFABCB00689C77 /* Debug */ = {
			isa = XCBuildConfiguration;
			buildSettings = {
				BUNDLE_LOADER = "$(TEST_HOST)";
				FRAMEWORK_SEARCH_PATHS = (
					"$(SDKROOT)/Developer/Library/Frameworks",
					"$(inherited)",
				);
				GCC_PREPROCESSOR_DEFINITIONS = (
					"DEBUG=1",
					"$(inherited)",
				);
				INFOPLIST_FILE = "Josh BruceTests/Info.plist";
				LD_RUNPATH_SEARCH_PATHS = "$(inherited) @executable_path/Frameworks @loader_path/Frameworks";
				PRODUCT_NAME = "$(TARGET_NAME)";
				TEST_HOST = "$(BUILT_PRODUCTS_DIR)/Josh Bruce.app/Josh Bruce";
			};
			name = Debug;
		};
		20A64EE11ADFABCB00689C77 /* Release */ = {
			isa = XCBuildConfiguration;
			buildSettings = {
				BUNDLE_LOADER = "$(TEST_HOST)";
				FRAMEWORK_SEARCH_PATHS = (
					"$(SDKROOT)/Developer/Library/Frameworks",
					"$(inherited)",
				);
				INFOPLIST_FILE = "Josh BruceTests/Info.plist";
				LD_RUNPATH_SEARCH_PATHS = "$(inherited) @executable_path/Frameworks @loader_path/Frameworks";
				PRODUCT_NAME = "$(TARGET_NAME)";
				TEST_HOST = "$(BUILT_PRODUCTS_DIR)/Josh Bruce.app/Josh Bruce";
			};
			name = Release;
		};
/* End XCBuildConfiguration section */

/* Begin XCConfigurationList section */
		20A64EB81ADFABCA00689C77 /* Build configuration list for PBXProject "Josh Bruce" */ = {
			isa = XCConfigurationList;
			buildConfigurations = (
				20A64EDA1ADFABCB00689C77 /* Debug */,
				20A64EDB1ADFABCB00689C77 /* Release */,
			);
			defaultConfigurationIsVisible = 0;
			defaultConfigurationName = Release;
		};
		20A64EDC1ADFABCB00689C77 /* Build configuration list for PBXNativeTarget "Josh Bruce" */ = {
			isa = XCConfigurationList;
			buildConfigurations = (
				20A64EDD1ADFABCB00689C77 /* Debug */,
				20A64EDE1ADFABCB00689C77 /* Release */,
			);
			defaultConfigurationIsVisible = 0;
			defaultConfigurationName = Release;
		};
		20A64EDF1ADFABCB00689C77 /* Build configuration list for PBXNativeTarget "Josh BruceTests" */ = {
			isa = XCConfigurationList;
			buildConfigurations = (
				20A64EE01ADFABCB00689C77 /* Debug */,
				20A64EE11ADFABCB00689C77 /* Release */,
			);
			defaultConfigurationIsVisible = 0;
			defaultConfigurationName = Release;
		};
/* End XCConfigurationList section */
	};
	rootObject = 20A64EB51ADFABCA00689C77 /* Project object */;
}
